{
  "name": "postmask",
  "version": "1.0.8",
  "lockfileVersion": 1,
  "requires": true,
  "dependencies": {
    "@types/node": {
      "version": "8.0.47",
      "resolved": "https://registry.npmjs.org/@types/node/-/node-8.0.47.tgz",
      "integrity": "sha512-kOwL746WVvt/9Phf6/JgX/bsGQvbrK5iUgzyfwZNcKVFcjAUVSpF9HxevLTld2SG9aywYHOILj38arDdY1r/iQ=="
    },
    "atma-utils": {
      "version": "0.1.13",
      "resolved": "https://registry.npmjs.org/atma-utils/-/atma-utils-0.1.13.tgz",
      "integrity": "sha1-2vXr4U0MpaTwpuX6L7ayfokF7g4="
    }
  }
}
